
Microsoft Visual Studio Solution File, Format Version 12.00
# Visual Studio 15
VisualStudioVersion = 15.0.26403.7
MinimumVisualStudioVersion = 10.0.40219.1
Project("{2150E333-8FDC-42A3-9474-1A3956D46DE8}") = "src", "src", "{BD9A4336-EB90-4D20-A2DC-F0ADC2543643}"
EndProject
Project("{2150E333-8FDC-42A3-9474-1A3956D46DE8}") = "test", "test", "{69487108-D63E-4C0E-B118-73F15491CA7C}"
EndProject
Project("{2150E333-8FDC-42A3-9474-1A3956D46DE8}") = "Clients", "Clients", "{DB82E4C2-4764-4748-9C85-07F897D52A60}"
EndProject
Project("{FAE04EC0-301F-11D3-BF4B-00C04F79EFBC}") = "TeachersDiary.Clients.Mvc", "src\Clients\TeachersDiary.Clients.Mvc\TeachersDiary.Clients.Mvc.csproj", "{BAFA8425-DEC7-4953-BBC8-B95F24201D5C}"
EndProject
Project("{2150E333-8FDC-42A3-9474-1A3956D46DE8}") = "Services", "Services", "{1D257161-D3F2-422D-86BA-1AEF33BF7208}"
EndProject
Project("{2150E333-8FDC-42A3-9474-1A3956D46DE8}") = "Data", "Data", "{B3B52A78-365C-42AC-BD87-A5EA269573B9}"
EndProject
Project("{FAE04EC0-301F-11D3-BF4B-00C04F79EFBC}") = "TeachersDiary.Data.Ef", "src\Data\TeachersDiary.Data.Ef\TeachersDiary.Data.Ef.csproj", "{CDC2DD1B-3420-467A-B330-A90D71396999}"
EndProject
Project("{2150E333-8FDC-42A3-9474-1A3956D46DE8}") = "Solution Items", "Solution Items", "{612A2790-88EB-4CCD-BEDE-305AC0CCA73E}"
	ProjectSection(SolutionItems) = preProject
		.gitignore = .gitignore
		appveyor.yml = appveyor.yml
		LICENSE = LICENSE
		README.md = README.md
	EndProjectSection
EndProject
Project("{FAE04EC0-301F-11D3-BF4B-00C04F79EFBC}") = "TeachersDiary.CiDependencies", "src\TeachersDiary.CiDependencies\TeachersDiary.CiDependencies.csproj", "{455282A1-00D7-42BD-93C8-EE1A754704E2}"
EndProject
Project("{FAE04EC0-301F-11D3-BF4B-00C04F79EFBC}") = "TeachersDiary.Data.Contracts", "src\Data\TeachersDiary.Data.Contracts\TeachersDiary.Data.Contracts.csproj", "{F9468348-493F-47E5-B0F3-8A952B7BCC53}"
EndProject
Project("{FAE04EC0-301F-11D3-BF4B-00C04F79EFBC}") = "TeachersDiary.Data.Services", "src\Data\TeachersDiary.Data.Services\TeachersDiary.Data.Services.csproj", "{32C7407C-43B7-4208-828F-030323646860}"
EndProject
Project("{FAE04EC0-301F-11D3-BF4B-00C04F79EFBC}") = "TeachersDiary.Data.Services.Contracts", "src\Data\TeachersDiary.Data.Services.Contracts\TeachersDiary.Data.Services.Contracts.csproj", "{35C455BF-326C-47B4-A20E-2E4E67E59649}"
EndProject
Project("{2150E333-8FDC-42A3-9474-1A3956D46DE8}") = "Common", "Common", "{16B6903A-2B4C-4CEC-A2B0-A2174E0A8429}"
EndProject
Project("{FAE04EC0-301F-11D3-BF4B-00C04F79EFBC}") = "TeachersDiary.Common.Constants", "src\Common\TeachersDiary.Common.Constants\TeachersDiary.Common.Constants.csproj", "{650857DB-DDBE-4586-9E16-62A27E0FF209}"
EndProject
Project("{FAE04EC0-301F-11D3-BF4B-00C04F79EFBC}") = "TeachersDiary.Services", "src\Services\TeachersDiary.Services\TeachersDiary.Services.csproj", "{BCDA0869-B632-4B8D-B0E3-167C039BFF19}"
EndProject
Project("{FAE04EC0-301F-11D3-BF4B-00C04F79EFBC}") = "TeachersDiary.Data.Identity", "src\Data\TeachersDiary.Data.Identity\TeachersDiary.Data.Identity.csproj", "{7B1AF903-26DD-451D-A37C-DE14FBBD8047}"
EndProject
Project("{FAE04EC0-301F-11D3-BF4B-00C04F79EFBC}") = "TeachersDiary.Common.Extensions", "src\Common\TeachersDiary.Common.Extensions\TeachersDiary.Common.Extensions.csproj", "{5D12CB90-074A-452C-911A-BBBB7CF2CB07}"
EndProject
Project("{FAE04EC0-301F-11D3-BF4B-00C04F79EFBC}") = "TeachersDiary.Domain", "src\TeachersDiary.Domain\TeachersDiary.Domain.csproj", "{2EF30906-2AB7-46F5-AAA3-C1AEDCAB824C}"
EndProject
Project("{FAE04EC0-301F-11D3-BF4B-00C04F79EFBC}") = "TeachersDiary.Services.ExcelParser", "src\Services\TeachersDiary.Services.ExcelParser\TeachersDiary.Services.ExcelParser.csproj", "{1A9EC2F9-335B-49BB-9533-C3846267A555}"
EndProject
Project("{FAE04EC0-301F-11D3-BF4B-00C04F79EFBC}") = "TeachersDiary.Data.Entities", "src\Data\TeachersDiary.Data.Entities\TeachersDiary.Data.Entities.csproj", "{0EE826C5-185A-4BD6-B4AD-CDBE8191D7DF}"
EndProject
Project("{2150E333-8FDC-42A3-9474-1A3956D46DE8}") = "Clients", "Clients", "{765D9ADA-AC74-4D7F-B184-B7F1FABA8D62}"
EndProject
Project("{FAE04EC0-301F-11D3-BF4B-00C04F79EFBC}") = "TeachersDiary.Clients.Mvc.Tests", "test\Clients\TeachersDiary.Clients.Mvc.Tests\TeachersDiary.Clients.Mvc.Tests.csproj", "{3B74C91D-5A26-4D68-B8A9-43F37C8FBA4B}"
EndProject
Project("{2150E333-8FDC-42A3-9474-1A3956D46DE8}") = "Common", "Common", "{BCE0C4B8-4336-4536-B828-EB2A30C44124}"
EndProject
Project("{FAE04EC0-301F-11D3-BF4B-00C04F79EFBC}") = "TeachersDiary.Common.Extensions.Tests", "test\Common\TeachersDiary.Common.Extensions.Tests\TeachersDiary.Common.Extensions.Tests.csproj", "{666EEBC9-8FDD-430A-AE88-59357EA5BA7D}"
EndProject
Global
	GlobalSection(SolutionConfigurationPlatforms) = preSolution
		Debug|Any CPU = Debug|Any CPU
		Release|Any CPU = Release|Any CPU
	EndGlobalSection
	GlobalSection(ProjectConfigurationPlatforms) = postSolution
		{BAFA8425-DEC7-4953-BBC8-B95F24201D5C}.Debug|Any CPU.ActiveCfg = Debug|Any CPU
		{BAFA8425-DEC7-4953-BBC8-B95F24201D5C}.Debug|Any CPU.Build.0 = Debug|Any CPU
		{BAFA8425-DEC7-4953-BBC8-B95F24201D5C}.Release|Any CPU.ActiveCfg = Release|Any CPU
		{BAFA8425-DEC7-4953-BBC8-B95F24201D5C}.Release|Any CPU.Build.0 = Release|Any CPU
		{CDC2DD1B-3420-467A-B330-A90D71396999}.Debug|Any CPU.ActiveCfg = Debug|Any CPU
		{CDC2DD1B-3420-467A-B330-A90D71396999}.Debug|Any CPU.Build.0 = Debug|Any CPU
		{CDC2DD1B-3420-467A-B330-A90D71396999}.Release|Any CPU.ActiveCfg = Release|Any CPU
		{CDC2DD1B-3420-467A-B330-A90D71396999}.Release|Any CPU.Build.0 = Release|Any CPU
		{455282A1-00D7-42BD-93C8-EE1A754704E2}.Debug|Any CPU.ActiveCfg = Debug|Any CPU
		{455282A1-00D7-42BD-93C8-EE1A754704E2}.Debug|Any CPU.Build.0 = Debug|Any CPU
		{455282A1-00D7-42BD-93C8-EE1A754704E2}.Release|Any CPU.ActiveCfg = Release|Any CPU
		{455282A1-00D7-42BD-93C8-EE1A754704E2}.Release|Any CPU.Build.0 = Release|Any CPU
		{F9468348-493F-47E5-B0F3-8A952B7BCC53}.Debug|Any CPU.ActiveCfg = Debug|Any CPU
		{F9468348-493F-47E5-B0F3-8A952B7BCC53}.Debug|Any CPU.Build.0 = Debug|Any CPU
		{F9468348-493F-47E5-B0F3-8A952B7BCC53}.Release|Any CPU.ActiveCfg = Release|Any CPU
		{F9468348-493F-47E5-B0F3-8A952B7BCC53}.Release|Any CPU.Build.0 = Release|Any CPU
		{32C7407C-43B7-4208-828F-030323646860}.Debug|Any CPU.ActiveCfg = Debug|Any CPU
		{32C7407C-43B7-4208-828F-030323646860}.Debug|Any CPU.Build.0 = Debug|Any CPU
		{32C7407C-43B7-4208-828F-030323646860}.Release|Any CPU.ActiveCfg = Release|Any CPU
		{32C7407C-43B7-4208-828F-030323646860}.Release|Any CPU.Build.0 = Release|Any CPU
		{35C455BF-326C-47B4-A20E-2E4E67E59649}.Debug|Any CPU.ActiveCfg = Debug|Any CPU
		{35C455BF-326C-47B4-A20E-2E4E67E59649}.Debug|Any CPU.Build.0 = Debug|Any CPU
		{35C455BF-326C-47B4-A20E-2E4E67E59649}.Release|Any CPU.ActiveCfg = Release|Any CPU
		{35C455BF-326C-47B4-A20E-2E4E67E59649}.Release|Any CPU.Build.0 = Release|Any CPU
		{650857DB-DDBE-4586-9E16-62A27E0FF209}.Debug|Any CPU.ActiveCfg = Debug|Any CPU
		{650857DB-DDBE-4586-9E16-62A27E0FF209}.Debug|Any CPU.Build.0 = Debug|Any CPU
		{650857DB-DDBE-4586-9E16-62A27E0FF209}.Release|Any CPU.ActiveCfg = Release|Any CPU
		{650857DB-DDBE-4586-9E16-62A27E0FF209}.Release|Any CPU.Build.0 = Release|Any CPU
		{BCDA0869-B632-4B8D-B0E3-167C039BFF19}.Debug|Any CPU.ActiveCfg = Debug|Any CPU
		{BCDA0869-B632-4B8D-B0E3-167C039BFF19}.Debug|Any CPU.Build.0 = Debug|Any CPU
		{BCDA0869-B632-4B8D-B0E3-167C039BFF19}.Release|Any CPU.ActiveCfg = Release|Any CPU
		{BCDA0869-B632-4B8D-B0E3-167C039BFF19}.Release|Any CPU.Build.0 = Release|Any CPU
		{7B1AF903-26DD-451D-A37C-DE14FBBD8047}.Debug|Any CPU.ActiveCfg = Debug|Any CPU
		{7B1AF903-26DD-451D-A37C-DE14FBBD8047}.Debug|Any CPU.Build.0 = Debug|Any CPU
		{7B1AF903-26DD-451D-A37C-DE14FBBD8047}.Release|Any CPU.ActiveCfg = Release|Any CPU
		{7B1AF903-26DD-451D-A37C-DE14FBBD8047}.Release|Any CPU.Build.0 = Release|Any CPU
		{5D12CB90-074A-452C-911A-BBBB7CF2CB07}.Debug|Any CPU.ActiveCfg = Debug|Any CPU
		{5D12CB90-074A-452C-911A-BBBB7CF2CB07}.Debug|Any CPU.Build.0 = Debug|Any CPU
		{5D12CB90-074A-452C-911A-BBBB7CF2CB07}.Release|Any CPU.ActiveCfg = Release|Any CPU
		{5D12CB90-074A-452C-911A-BBBB7CF2CB07}.Release|Any CPU.Build.0 = Release|Any CPU
		{2EF30906-2AB7-46F5-AAA3-C1AEDCAB824C}.Debug|Any CPU.ActiveCfg = Debug|Any CPU
		{2EF30906-2AB7-46F5-AAA3-C1AEDCAB824C}.Debug|Any CPU.Build.0 = Debug|Any CPU
		{2EF30906-2AB7-46F5-AAA3-C1AEDCAB824C}.Release|Any CPU.ActiveCfg = Release|Any CPU
		{2EF30906-2AB7-46F5-AAA3-C1AEDCAB824C}.Release|Any CPU.Build.0 = Release|Any CPU
		{1A9EC2F9-335B-49BB-9533-C3846267A555}.Debug|Any CPU.ActiveCfg = Debug|Any CPU
		{1A9EC2F9-335B-49BB-9533-C3846267A555}.Debug|Any CPU.Build.0 = Debug|Any CPU
		{1A9EC2F9-335B-49BB-9533-C3846267A555}.Release|Any CPU.ActiveCfg = Release|Any CPU
		{1A9EC2F9-335B-49BB-9533-C3846267A555}.Release|Any CPU.Build.0 = Release|Any CPU
		{0EE826C5-185A-4BD6-B4AD-CDBE8191D7DF}.Debug|Any CPU.ActiveCfg = Debug|Any CPU
		{0EE826C5-185A-4BD6-B4AD-CDBE8191D7DF}.Debug|Any CPU.Build.0 = Debug|Any CPU
		{0EE826C5-185A-4BD6-B4AD-CDBE8191D7DF}.Release|Any CPU.ActiveCfg = Release|Any CPU
		{0EE826C5-185A-4BD6-B4AD-CDBE8191D7DF}.Release|Any CPU.Build.0 = Release|Any CPU
		{3B74C91D-5A26-4D68-B8A9-43F37C8FBA4B}.Debug|Any CPU.ActiveCfg = Debug|Any CPU
		{3B74C91D-5A26-4D68-B8A9-43F37C8FBA4B}.Debug|Any CPU.Build.0 = Debug|Any CPU
		{3B74C91D-5A26-4D68-B8A9-43F37C8FBA4B}.Release|Any CPU.ActiveCfg = Release|Any CPU
		{3B74C91D-5A26-4D68-B8A9-43F37C8FBA4B}.Release|Any CPU.Build.0 = Release|Any CPU
		{666EEBC9-8FDD-430A-AE88-59357EA5BA7D}.Debug|Any CPU.ActiveCfg = Debug|Any CPU
		{666EEBC9-8FDD-430A-AE88-59357EA5BA7D}.Debug|Any CPU.Build.0 = Debug|Any CPU
		{666EEBC9-8FDD-430A-AE88-59357EA5BA7D}.Release|Any CPU.ActiveCfg = Release|Any CPU
		{666EEBC9-8FDD-430A-AE88-59357EA5BA7D}.Release|Any CPU.Build.0 = Release|Any CPU
	EndGlobalSection
	GlobalSection(SolutionProperties) = preSolution
		HideSolutionNode = FALSE
	EndGlobalSection
	GlobalSection(NestedProjects) = preSolution
		{DB82E4C2-4764-4748-9C85-07F897D52A60} = {BD9A4336-EB90-4D20-A2DC-F0ADC2543643}
		{BAFA8425-DEC7-4953-BBC8-B95F24201D5C} = {DB82E4C2-4764-4748-9C85-07F897D52A60}
		{1D257161-D3F2-422D-86BA-1AEF33BF7208} = {BD9A4336-EB90-4D20-A2DC-F0ADC2543643}
		{B3B52A78-365C-42AC-BD87-A5EA269573B9} = {BD9A4336-EB90-4D20-A2DC-F0ADC2543643}
		{CDC2DD1B-3420-467A-B330-A90D71396999} = {B3B52A78-365C-42AC-BD87-A5EA269573B9}
		{455282A1-00D7-42BD-93C8-EE1A754704E2} = {BD9A4336-EB90-4D20-A2DC-F0ADC2543643}
		{F9468348-493F-47E5-B0F3-8A952B7BCC53} = {B3B52A78-365C-42AC-BD87-A5EA269573B9}
		{32C7407C-43B7-4208-828F-030323646860} = {B3B52A78-365C-42AC-BD87-A5EA269573B9}
		{35C455BF-326C-47B4-A20E-2E4E67E59649} = {B3B52A78-365C-42AC-BD87-A5EA269573B9}
		{16B6903A-2B4C-4CEC-A2B0-A2174E0A8429} = {BD9A4336-EB90-4D20-A2DC-F0ADC2543643}
		{650857DB-DDBE-4586-9E16-62A27E0FF209} = {16B6903A-2B4C-4CEC-A2B0-A2174E0A8429}
		{BCDA0869-B632-4B8D-B0E3-167C039BFF19} = {1D257161-D3F2-422D-86BA-1AEF33BF7208}
		{7B1AF903-26DD-451D-A37C-DE14FBBD8047} = {B3B52A78-365C-42AC-BD87-A5EA269573B9}
		{5D12CB90-074A-452C-911A-BBBB7CF2CB07} = {16B6903A-2B4C-4CEC-A2B0-A2174E0A8429}
		{2EF30906-2AB7-46F5-AAA3-C1AEDCAB824C} = {BD9A4336-EB90-4D20-A2DC-F0ADC2543643}
		{1A9EC2F9-335B-49BB-9533-C3846267A555} = {1D257161-D3F2-422D-86BA-1AEF33BF7208}
		{0EE826C5-185A-4BD6-B4AD-CDBE8191D7DF} = {B3B52A78-365C-42AC-BD87-A5EA269573B9}
		{765D9ADA-AC74-4D7F-B184-B7F1FABA8D62} = {69487108-D63E-4C0E-B118-73F15491CA7C}
		{3B74C91D-5A26-4D68-B8A9-43F37C8FBA4B} = {765D9ADA-AC74-4D7F-B184-B7F1FABA8D62}
		{BCE0C4B8-4336-4536-B828-EB2A30C44124} = {69487108-D63E-4C0E-B118-73F15491CA7C}
		{666EEBC9-8FDD-430A-AE88-59357EA5BA7D} = {BCE0C4B8-4336-4536-B828-EB2A30C44124}
	EndGlobalSection
EndGlobal
