
Microsoft Visual Studio Solution File, Format Version 12.00
# Visual Studio 15
VisualStudioVersion = 15.0.26403.0
MinimumVisualStudioVersion = 10.0.40219.1
Project("{2150E333-8FDC-42A3-9474-1A3956D46DE8}") = "src", "src", "{BD9A4336-EB90-4D20-A2DC-F0ADC2543643}"
EndProject
Project("{2150E333-8FDC-42A3-9474-1A3956D46DE8}") = "test", "test", "{69487108-D63E-4C0E-B118-73F15491CA7C}"
EndProject
Project("{2150E333-8FDC-42A3-9474-1A3956D46DE8}") = "Clients", "Clients", "{DB82E4C2-4764-4748-9C85-07F897D52A60}"
EndProject
Project("{FAE04EC0-301F-11D3-BF4B-00C04F79EFBC}") = "TeachersDiary.Clients.Mvc", "src\Clients\TeachersDiary.Clients.Mvc\TeachersDiary.Clients.Mvc.csproj", "{BAFA8425-DEC7-4953-BBC8-B95F24201D5C}"
EndProject
Project("{2150E333-8FDC-42A3-9474-1A3956D46DE8}") = "Services", "Services", "{1D257161-D3F2-422D-86BA-1AEF33BF7208}"
EndProject
Project("{2150E333-8FDC-42A3-9474-1A3956D46DE8}") = "Data", "Data", "{B3B52A78-365C-42AC-BD87-A5EA269573B9}"
EndProject
Project("{FAE04EC0-301F-11D3-BF4B-00C04F79EFBC}") = "TeachersDiary.Data.Ef", "src\Data\TeachersDiary.Data.Ef\TeachersDiary.Data.Ef.csproj", "{CDC2DD1B-3420-467A-B330-A90D71396999}"
EndProject
Project("{FAE04EC0-301F-11D3-BF4B-00C04F79EFBC}") = "TeachersDiary.Clients.Mvc.Tests", "test\TeachersDiary.Clients.Mvc.Tests\TeachersDiary.Clients.Mvc.Tests.csproj", "{695FDC8F-367C-4839-9BB9-5B7DFBF2411C}"
EndProject
Project("{2150E333-8FDC-42A3-9474-1A3956D46DE8}") = "Solution Items", "Solution Items", "{612A2790-88EB-4CCD-BEDE-305AC0CCA73E}"
	ProjectSection(SolutionItems) = preProject
		.gitignore = .gitignore
		appveyor.yml = appveyor.yml
		LICENSE = LICENSE
		README.md = README.md
	EndProjectSection
EndProject
Project("{FAE04EC0-301F-11D3-BF4B-00C04F79EFBC}") = "TeachersDiary.CiDependencies", "src\TeachersDiary.CiDependencies\TeachersDiary.CiDependencies.csproj", "{455282A1-00D7-42BD-93C8-EE1A754704E2}"
EndProject
Project("{FAE04EC0-301F-11D3-BF4B-00C04F79EFBC}") = "TeachersDiary.Data.Contracts", "src\Data\TeachersDiary.Data.Contracts\TeachersDiary.Data.Contracts.csproj", "{F9468348-493F-47E5-B0F3-8A952B7BCC53}"
EndProject
Project("{FAE04EC0-301F-11D3-BF4B-00C04F79EFBC}") = "TeachersDiary.Data.Services", "src\Data\TeachersDiary.Data.Services\TeachersDiary.Data.Services.csproj", "{32C7407C-43B7-4208-828F-030323646860}"
EndProject
Project("{FAE04EC0-301F-11D3-BF4B-00C04F79EFBC}") = "TeachersDiary.Data.Services.Contracts", "src\Data\TeachersDiary.Data.Services.Contracts\TeachersDiary.Data.Services.Contracts.csproj", "{35C455BF-326C-47B4-A20E-2E4E67E59649}"
EndProject
Project("{2150E333-8FDC-42A3-9474-1A3956D46DE8}") = "Common", "Common", "{16B6903A-2B4C-4CEC-A2B0-A2174E0A8429}"
EndProject
Project("{FAE04EC0-301F-11D3-BF4B-00C04F79EFBC}") = "TeachersDiary.Common.Constants", "src\Common\TeachersDiary.Common.Constants\TeachersDiary.Common.Constants.csproj", "{650857DB-DDBE-4586-9E16-62A27E0FF209}"
EndProject
Project("{FAE04EC0-301F-11D3-BF4B-00C04F79EFBC}") = "TeachersDiary.Services", "src\Services\TeachersDiary.Services\TeachersDiary.Services.csproj", "{BCDA0869-B632-4B8D-B0E3-167C039BFF19}"
EndProject
Project("{FAE04EC0-301F-11D3-BF4B-00C04F79EFBC}") = "TeachersDiary.Data.Domain", "src\Data\TeachersDiary.Data.Domain\TeachersDiary.Data.Domain.csproj", "{4CA9AA8B-C6C1-494E-B326-121E3202B740}"
EndProject
Project("{FAE04EC0-301F-11D3-BF4B-00C04F79EFBC}") = "TeachersDiary.Data.Ef.Entities", "src\Data\TeachersDiary.Data.Ef.Entities\TeachersDiary.Data.Ef.Entities.csproj", "{5C2B5521-8EBE-4659-A77D-EF896687D5CB}"
EndProject
Project("{FAE04EC0-301F-11D3-BF4B-00C04F79EFBC}") = "TeachersDiary.Services.Mapping", "src\Services\TeachersDiary.Services.Mapping\TeachersDiary.Services.Mapping.csproj", "{1D928A42-C202-4A10-96D0-2FA59B7EE73B}"
EndProject
Project("{FAE04EC0-301F-11D3-BF4B-00C04F79EFBC}") = "TeachersDiary.Data.Identity", "src\Data\TeachersDiary.Data.Identity\TeachersDiary.Data.Identity.csproj", "{7B1AF903-26DD-451D-A37C-DE14FBBD8047}"
EndProject
Global
	GlobalSection(SolutionConfigurationPlatforms) = preSolution
		Debug|Any CPU = Debug|Any CPU
		Release|Any CPU = Release|Any CPU
	EndGlobalSection
	GlobalSection(ProjectConfigurationPlatforms) = postSolution
		{BAFA8425-DEC7-4953-BBC8-B95F24201D5C}.Debug|Any CPU.ActiveCfg = Debug|Any CPU
		{BAFA8425-DEC7-4953-BBC8-B95F24201D5C}.Debug|Any CPU.Build.0 = Debug|Any CPU
		{BAFA8425-DEC7-4953-BBC8-B95F24201D5C}.Release|Any CPU.ActiveCfg = Release|Any CPU
		{BAFA8425-DEC7-4953-BBC8-B95F24201D5C}.Release|Any CPU.Build.0 = Release|Any CPU
		{CDC2DD1B-3420-467A-B330-A90D71396999}.Debug|Any CPU.ActiveCfg = Debug|Any CPU
		{CDC2DD1B-3420-467A-B330-A90D71396999}.Debug|Any CPU.Build.0 = Debug|Any CPU
		{CDC2DD1B-3420-467A-B330-A90D71396999}.Release|Any CPU.ActiveCfg = Release|Any CPU
		{CDC2DD1B-3420-467A-B330-A90D71396999}.Release|Any CPU.Build.0 = Release|Any CPU
		{695FDC8F-367C-4839-9BB9-5B7DFBF2411C}.Debug|Any CPU.ActiveCfg = Debug|Any CPU
		{695FDC8F-367C-4839-9BB9-5B7DFBF2411C}.Debug|Any CPU.Build.0 = Debug|Any CPU
		{695FDC8F-367C-4839-9BB9-5B7DFBF2411C}.Release|Any CPU.ActiveCfg = Release|Any CPU
		{695FDC8F-367C-4839-9BB9-5B7DFBF2411C}.Release|Any CPU.Build.0 = Release|Any CPU
		{455282A1-00D7-42BD-93C8-EE1A754704E2}.Debug|Any CPU.ActiveCfg = Debug|Any CPU
		{455282A1-00D7-42BD-93C8-EE1A754704E2}.Debug|Any CPU.Build.0 = Debug|Any CPU
		{455282A1-00D7-42BD-93C8-EE1A754704E2}.Release|Any CPU.ActiveCfg = Release|Any CPU
		{455282A1-00D7-42BD-93C8-EE1A754704E2}.Release|Any CPU.Build.0 = Release|Any CPU
		{F9468348-493F-47E5-B0F3-8A952B7BCC53}.Debug|Any CPU.ActiveCfg = Debug|Any CPU
		{F9468348-493F-47E5-B0F3-8A952B7BCC53}.Debug|Any CPU.Build.0 = Debug|Any CPU
		{F9468348-493F-47E5-B0F3-8A952B7BCC53}.Release|Any CPU.ActiveCfg = Release|Any CPU
		{F9468348-493F-47E5-B0F3-8A952B7BCC53}.Release|Any CPU.Build.0 = Release|Any CPU
		{32C7407C-43B7-4208-828F-030323646860}.Debug|Any CPU.ActiveCfg = Debug|Any CPU
		{32C7407C-43B7-4208-828F-030323646860}.Debug|Any CPU.Build.0 = Debug|Any CPU
		{32C7407C-43B7-4208-828F-030323646860}.Release|Any CPU.ActiveCfg = Release|Any CPU
		{32C7407C-43B7-4208-828F-030323646860}.Release|Any CPU.Build.0 = Release|Any CPU
		{35C455BF-326C-47B4-A20E-2E4E67E59649}.Debug|Any CPU.ActiveCfg = Debug|Any CPU
		{35C455BF-326C-47B4-A20E-2E4E67E59649}.Debug|Any CPU.Build.0 = Debug|Any CPU
		{35C455BF-326C-47B4-A20E-2E4E67E59649}.Release|Any CPU.ActiveCfg = Release|Any CPU
		{35C455BF-326C-47B4-A20E-2E4E67E59649}.Release|Any CPU.Build.0 = Release|Any CPU
		{650857DB-DDBE-4586-9E16-62A27E0FF209}.Debug|Any CPU.ActiveCfg = Debug|Any CPU
		{650857DB-DDBE-4586-9E16-62A27E0FF209}.Debug|Any CPU.Build.0 = Debug|Any CPU
		{650857DB-DDBE-4586-9E16-62A27E0FF209}.Release|Any CPU.ActiveCfg = Release|Any CPU
		{650857DB-DDBE-4586-9E16-62A27E0FF209}.Release|Any CPU.Build.0 = Release|Any CPU
		{BCDA0869-B632-4B8D-B0E3-167C039BFF19}.Debug|Any CPU.ActiveCfg = Debug|Any CPU
		{BCDA0869-B632-4B8D-B0E3-167C039BFF19}.Debug|Any CPU.Build.0 = Debug|Any CPU
		{BCDA0869-B632-4B8D-B0E3-167C039BFF19}.Release|Any CPU.ActiveCfg = Release|Any CPU
		{BCDA0869-B632-4B8D-B0E3-167C039BFF19}.Release|Any CPU.Build.0 = Release|Any CPU
		{4CA9AA8B-C6C1-494E-B326-121E3202B740}.Debug|Any CPU.ActiveCfg = Debug|Any CPU
		{4CA9AA8B-C6C1-494E-B326-121E3202B740}.Debug|Any CPU.Build.0 = Debug|Any CPU
		{4CA9AA8B-C6C1-494E-B326-121E3202B740}.Release|Any CPU.ActiveCfg = Release|Any CPU
		{4CA9AA8B-C6C1-494E-B326-121E3202B740}.Release|Any CPU.Build.0 = Release|Any CPU
		{5C2B5521-8EBE-4659-A77D-EF896687D5CB}.Debug|Any CPU.ActiveCfg = Debug|Any CPU
		{5C2B5521-8EBE-4659-A77D-EF896687D5CB}.Debug|Any CPU.Build.0 = Debug|Any CPU
		{5C2B5521-8EBE-4659-A77D-EF896687D5CB}.Release|Any CPU.ActiveCfg = Release|Any CPU
		{5C2B5521-8EBE-4659-A77D-EF896687D5CB}.Release|Any CPU.Build.0 = Release|Any CPU
		{1D928A42-C202-4A10-96D0-2FA59B7EE73B}.Debug|Any CPU.ActiveCfg = Debug|Any CPU
		{1D928A42-C202-4A10-96D0-2FA59B7EE73B}.Debug|Any CPU.Build.0 = Debug|Any CPU
		{1D928A42-C202-4A10-96D0-2FA59B7EE73B}.Release|Any CPU.ActiveCfg = Release|Any CPU
		{1D928A42-C202-4A10-96D0-2FA59B7EE73B}.Release|Any CPU.Build.0 = Release|Any CPU
		{7B1AF903-26DD-451D-A37C-DE14FBBD8047}.Debug|Any CPU.ActiveCfg = Debug|Any CPU
		{7B1AF903-26DD-451D-A37C-DE14FBBD8047}.Debug|Any CPU.Build.0 = Debug|Any CPU
		{7B1AF903-26DD-451D-A37C-DE14FBBD8047}.Release|Any CPU.ActiveCfg = Release|Any CPU
		{7B1AF903-26DD-451D-A37C-DE14FBBD8047}.Release|Any CPU.Build.0 = Release|Any CPU
	EndGlobalSection
	GlobalSection(SolutionProperties) = preSolution
		HideSolutionNode = FALSE
	EndGlobalSection
	GlobalSection(NestedProjects) = preSolution
		{DB82E4C2-4764-4748-9C85-07F897D52A60} = {BD9A4336-EB90-4D20-A2DC-F0ADC2543643}
		{BAFA8425-DEC7-4953-BBC8-B95F24201D5C} = {DB82E4C2-4764-4748-9C85-07F897D52A60}
		{1D257161-D3F2-422D-86BA-1AEF33BF7208} = {BD9A4336-EB90-4D20-A2DC-F0ADC2543643}
		{B3B52A78-365C-42AC-BD87-A5EA269573B9} = {BD9A4336-EB90-4D20-A2DC-F0ADC2543643}
		{CDC2DD1B-3420-467A-B330-A90D71396999} = {B3B52A78-365C-42AC-BD87-A5EA269573B9}
		{695FDC8F-367C-4839-9BB9-5B7DFBF2411C} = {69487108-D63E-4C0E-B118-73F15491CA7C}
		{455282A1-00D7-42BD-93C8-EE1A754704E2} = {BD9A4336-EB90-4D20-A2DC-F0ADC2543643}
		{F9468348-493F-47E5-B0F3-8A952B7BCC53} = {B3B52A78-365C-42AC-BD87-A5EA269573B9}
		{32C7407C-43B7-4208-828F-030323646860} = {B3B52A78-365C-42AC-BD87-A5EA269573B9}
		{35C455BF-326C-47B4-A20E-2E4E67E59649} = {B3B52A78-365C-42AC-BD87-A5EA269573B9}
		{16B6903A-2B4C-4CEC-A2B0-A2174E0A8429} = {BD9A4336-EB90-4D20-A2DC-F0ADC2543643}
		{650857DB-DDBE-4586-9E16-62A27E0FF209} = {16B6903A-2B4C-4CEC-A2B0-A2174E0A8429}
		{BCDA0869-B632-4B8D-B0E3-167C039BFF19} = {1D257161-D3F2-422D-86BA-1AEF33BF7208}
		{4CA9AA8B-C6C1-494E-B326-121E3202B740} = {B3B52A78-365C-42AC-BD87-A5EA269573B9}
		{5C2B5521-8EBE-4659-A77D-EF896687D5CB} = {B3B52A78-365C-42AC-BD87-A5EA269573B9}
		{1D928A42-C202-4A10-96D0-2FA59B7EE73B} = {1D257161-D3F2-422D-86BA-1AEF33BF7208}
		{7B1AF903-26DD-451D-A37C-DE14FBBD8047} = {B3B52A78-365C-42AC-BD87-A5EA269573B9}
	EndGlobalSection
EndGlobal
